
Microsoft Visual Studio Solution File, Format Version 12.00
# Visual Studio 15
VisualStudioVersion = 15.0.27703.2042
MinimumVisualStudioVersion = 10.0.40219.1
Project("{FAE04EC0-301F-11D3-BF4B-00C04F79EFBC}") = "PostoptimalEncoding", "PostoptimalEncoding\PostoptimalEncoding.csproj", "{55D75B22-BB64-4CFE-8662-CC8C3A33E919}"
EndProject
Project("{FAE04EC0-301F-11D3-BF4B-00C04F79EFBC}") = "OptimalEncoding", "OptimalEncoding\OptimalEncoding.csproj", "{80873661-7C16-45EA-9085-9B1E4B0E7A75}"
EndProject
Global
	GlobalSection(SolutionConfigurationPlatforms) = preSolution
		Debug|Any CPU = Debug|Any CPU
		Release|Any CPU = Release|Any CPU
	EndGlobalSection
	GlobalSection(ProjectConfigurationPlatforms) = postSolution
		{55D75B22-BB64-4CFE-8662-CC8C3A33E919}.Debug|Any CPU.ActiveCfg = Debug|Any CPU
		{55D75B22-BB64-4CFE-8662-CC8C3A33E919}.Debug|Any CPU.Build.0 = Debug|Any CPU
		{55D75B22-BB64-4CFE-8662-CC8C3A33E919}.Release|Any CPU.ActiveCfg = Release|Any CPU
		{55D75B22-BB64-4CFE-8662-CC8C3A33E919}.Release|Any CPU.Build.0 = Release|Any CPU
		{80873661-7C16-45EA-9085-9B1E4B0E7A75}.Debug|Any CPU.ActiveCfg = Debug|Any CPU
		{80873661-7C16-45EA-9085-9B1E4B0E7A75}.Debug|Any CPU.Build.0 = Debug|Any CPU
		{80873661-7C16-45EA-9085-9B1E4B0E7A75}.Release|Any CPU.ActiveCfg = Release|Any CPU
		{80873661-7C16-45EA-9085-9B1E4B0E7A75}.Release|Any CPU.Build.0 = Release|Any CPU
	EndGlobalSection
	GlobalSection(SolutionProperties) = preSolution
		HideSolutionNode = FALSE
	EndGlobalSection
	GlobalSection(ExtensibilityGlobals) = postSolution
		SolutionGuid = {BF3FB10A-3980-4643-9E51-42903136EAA9}
	EndGlobalSection
EndGlobal
